
Microsoft Visual Studio Solution File, Format Version 12.00
# Visual Studio Version 16
VisualStudioVersion = 16.0.30523.141
MinimumVisualStudioVersion = 10.0.40219.1
Project("{FAE04EC0-301F-11D3-BF4B-00C04F79EFBC}") = "Gorgan_Sorana_Lab8", "Gorgan_Sorana_Lab8.csproj", "{C4CDA592-1B36-4E54-87C2-38436E8FA597}"
EndProject
Global
	GlobalSection(SolutionConfigurationPlatforms) = preSolution
		Debug|Any CPU = Debug|Any CPU
		Release|Any CPU = Release|Any CPU
	EndGlobalSection
	GlobalSection(ProjectConfigurationPlatforms) = postSolution
		{C4CDA592-1B36-4E54-87C2-38436E8FA597}.Debug|Any CPU.ActiveCfg = Debug|Any CPU
		{C4CDA592-1B36-4E54-87C2-38436E8FA597}.Debug|Any CPU.Build.0 = Debug|Any CPU
		{C4CDA592-1B36-4E54-87C2-38436E8FA597}.Release|Any CPU.ActiveCfg = Release|Any CPU
		{C4CDA592-1B36-4E54-87C2-38436E8FA597}.Release|Any CPU.Build.0 = Release|Any CPU
	EndGlobalSection
	GlobalSection(SolutionProperties) = preSolution
		HideSolutionNode = FALSE
	EndGlobalSection
	GlobalSection(ExtensibilityGlobals) = postSolution
		SolutionGuid = {CE21BDC5-0CA4-4AE9-937C-EB6C490B617A}
	EndGlobalSection
EndGlobal
